// !$*UTF8*$!
{
	archiveVersion = 1;
	classes = {
	};
	objectVersion = 50;
	objects = {

/* Begin PBXBuildFile section */
		1C42831D2588E69A00E7972B /* AppDelegate.swift in Sources */ = {isa = PBXBuildFile; fileRef = 1C42831C2588E69A00E7972B /* AppDelegate.swift */; };
		1C42831F2588E69A00E7972B /* SceneDelegate.swift in Sources */ = {isa = PBXBuildFile; fileRef = 1C42831E2588E69A00E7972B /* SceneDelegate.swift */; };
		1C4283212588E69A00E7972B /* ViewController.swift in Sources */ = {isa = PBXBuildFile; fileRef = 1C4283202588E69A00E7972B /* ViewController.swift */; };
		1C4283242588E69A00E7972B /* Main.storyboard in Resources */ = {isa = PBXBuildFile; fileRef = 1C4283222588E69A00E7972B /* Main.storyboard */; };
		1C4283262588E69F00E7972B /* Assets.xcassets in Resources */ = {isa = PBXBuildFile; fileRef = 1C4283252588E69F00E7972B /* Assets.xcassets */; };
		1C4283292588E69F00E7972B /* LaunchScreen.storyboard in Resources */ = {isa = PBXBuildFile; fileRef = 1C4283272588E69F00E7972B /* LaunchScreen.storyboard */; };
		1C4283342588E6A000E7972B /* TreIRadTests.swift in Sources */ = {isa = PBXBuildFile; fileRef = 1C4283332588E6A000E7972B /* TreIRadTests.swift */; };
		1C42833F2588E6A000E7972B /* TreIRadUITests.swift in Sources */ = {isa = PBXBuildFile; fileRef = 1C42833E2588E6A000E7972B /* TreIRadUITests.swift */; };
		1C42835025891D4D00E7972B /* TreIRadModel.swift in Sources */ = {isa = PBXBuildFile; fileRef = 1C42834F25891D4D00E7972B /* TreIRadModel.swift */; };
		1C42835525891EF900E7972B /* Player.swift in Sources */ = {isa = PBXBuildFile; fileRef = 1C42835425891EF900E7972B /* Player.swift */; };
/* End PBXBuildFile section */

/* Begin PBXContainerItemProxy section */
		1C4283302588E6A000E7972B /* PBXContainerItemProxy */ = {
			isa = PBXContainerItemProxy;
			containerPortal = 1C4283112588E69A00E7972B /* Project object */;
			proxyType = 1;
			remoteGlobalIDString = 1C4283182588E69A00E7972B;
			remoteInfo = TreIRad;
		};
		1C42833B2588E6A000E7972B /* PBXContainerItemProxy */ = {
			isa = PBXContainerItemProxy;
			containerPortal = 1C4283112588E69A00E7972B /* Project object */;
			proxyType = 1;
			remoteGlobalIDString = 1C4283182588E69A00E7972B;
			remoteInfo = TreIRad;
		};
/* End PBXContainerItemProxy section */

/* Begin PBXFileReference section */
		1C4283192588E69A00E7972B /* TreIRad.app */ = {isa = PBXFileReference; explicitFileType = wrapper.application; includeInIndex = 0; path = TreIRad.app; sourceTree = BUILT_PRODUCTS_DIR; };
		1C42831C2588E69A00E7972B /* AppDelegate.swift */ = {isa = PBXFileReference; lastKnownFileType = sourcecode.swift; path = AppDelegate.swift; sourceTree = "<group>"; };
		1C42831E2588E69A00E7972B /* SceneDelegate.swift */ = {isa = PBXFileReference; lastKnownFileType = sourcecode.swift; path = SceneDelegate.swift; sourceTree = "<group>"; };
		1C4283202588E69A00E7972B /* ViewController.swift */ = {isa = PBXFileReference; lastKnownFileType = sourcecode.swift; path = ViewController.swift; sourceTree = "<group>"; };
		1C4283232588E69A00E7972B /* Base */ = {isa = PBXFileReference; lastKnownFileType = file.storyboard; name = Base; path = Base.lproj/Main.storyboard; sourceTree = "<group>"; };
		1C4283252588E69F00E7972B /* Assets.xcassets */ = {isa = PBXFileReference; lastKnownFileType = folder.assetcatalog; path = Assets.xcassets; sourceTree = "<group>"; };
		1C4283282588E69F00E7972B /* Base */ = {isa = PBXFileReference; lastKnownFileType = file.storyboard; name = Base; path = Base.lproj/LaunchScreen.storyboard; sourceTree = "<group>"; };
		1C42832A2588E69F00E7972B /* Info.plist */ = {isa = PBXFileReference; lastKnownFileType = text.plist.xml; path = Info.plist; sourceTree = "<group>"; };
		1C42832F2588E6A000E7972B /* TreIRadTests.xctest */ = {isa = PBXFileReference; explicitFileType = wrapper.cfbundle; includeInIndex = 0; path = TreIRadTests.xctest; sourceTree = BUILT_PRODUCTS_DIR; };
		1C4283332588E6A000E7972B /* TreIRadTests.swift */ = {isa = PBXFileReference; lastKnownFileType = sourcecode.swift; path = TreIRadTests.swift; sourceTree = "<group>"; };
		1C4283352588E6A000E7972B /* Info.plist */ = {isa = PBXFileReference; lastKnownFileType = text.plist.xml; path = Info.plist; sourceTree = "<group>"; };
		1C42833A2588E6A000E7972B /* TreIRadUITests.xctest */ = {isa = PBXFileReference; explicitFileType = wrapper.cfbundle; includeInIndex = 0; path = TreIRadUITests.xctest; sourceTree = BUILT_PRODUCTS_DIR; };
		1C42833E2588E6A000E7972B /* TreIRadUITests.swift */ = {isa = PBXFileReference; lastKnownFileType = sourcecode.swift; path = TreIRadUITests.swift; sourceTree = "<group>"; };
		1C4283402588E6A000E7972B /* Info.plist */ = {isa = PBXFileReference; lastKnownFileType = text.plist.xml; path = Info.plist; sourceTree = "<group>"; };
		1C42834F25891D4D00E7972B /* TreIRadModel.swift */ = {isa = PBXFileReference; lastKnownFileType = sourcecode.swift; path = TreIRadModel.swift; sourceTree = "<group>"; };
		1C42835425891EF900E7972B /* Player.swift */ = {isa = PBXFileReference; lastKnownFileType = sourcecode.swift; path = Player.swift; sourceTree = "<group>"; };
/* End PBXFileReference section */

/* Begin PBXFrameworksBuildPhase section */
		1C4283162588E69A00E7972B /* Frameworks */ = {
			isa = PBXFrameworksBuildPhase;
			buildActionMask = 2147483647;
			files = (
			);
			runOnlyForDeploymentPostprocessing = 0;
		};
		1C42832C2588E6A000E7972B /* Frameworks */ = {
			isa = PBXFrameworksBuildPhase;
			buildActionMask = 2147483647;
			files = (
			);
			runOnlyForDeploymentPostprocessing = 0;
		};
		1C4283372588E6A000E7972B /* Frameworks */ = {
			isa = PBXFrameworksBuildPhase;
			buildActionMask = 2147483647;
			files = (
			);
			runOnlyForDeploymentPostprocessing = 0;
		};
/* End PBXFrameworksBuildPhase section */

/* Begin PBXGroup section */
		1C4283102588E69A00E7972B = {
			isa = PBXGroup;
			children = (
				1C42831B2588E69A00E7972B /* TreIRad */,
				1C4283322588E6A000E7972B /* TreIRadTests */,
				1C42833D2588E6A000E7972B /* TreIRadUITests */,
				1C42831A2588E69A00E7972B /* Products */,
			);
			sourceTree = "<group>";
		};
		1C42831A2588E69A00E7972B /* Products */ = {
			isa = PBXGroup;
			children = (
				1C4283192588E69A00E7972B /* TreIRad.app */,
				1C42832F2588E6A000E7972B /* TreIRadTests.xctest */,
				1C42833A2588E6A000E7972B /* TreIRadUITests.xctest */,
			);
			name = Products;
			sourceTree = "<group>";
		};
		1C42831B2588E69A00E7972B /* TreIRad */ = {
			isa = PBXGroup;
			children = (
				1C42831C2588E69A00E7972B /* AppDelegate.swift */,
				1C42834F25891D4D00E7972B /* TreIRadModel.swift */,
				1C42831E2588E69A00E7972B /* SceneDelegate.swift */,
				1C42835425891EF900E7972B /* Player.swift */,
				1C4283202588E69A00E7972B /* ViewController.swift */,
				1C4283222588E69A00E7972B /* Main.storyboard */,
				1C4283252588E69F00E7972B /* Assets.xcassets */,
				1C4283272588E69F00E7972B /* LaunchScreen.storyboard */,
				1C42832A2588E69F00E7972B /* Info.plist */,
			);
			path = TreIRad;
			sourceTree = "<group>";
		};
		1C4283322588E6A000E7972B /* TreIRadTests */ = {
			isa = PBXGroup;
			children = (
				1C4283332588E6A000E7972B /* TreIRadTests.swift */,
				1C4283352588E6A000E7972B /* Info.plist */,
			);
			path = TreIRadTests;
			sourceTree = "<group>";
		};
		1C42833D2588E6A000E7972B /* TreIRadUITests */ = {
			isa = PBXGroup;
			children = (
				1C42833E2588E6A000E7972B /* TreIRadUITests.swift */,
				1C4283402588E6A000E7972B /* Info.plist */,
			);
			path = TreIRadUITests;
			sourceTree = "<group>";
		};
/* End PBXGroup section */

/* Begin PBXNativeTarget section */
		1C4283182588E69A00E7972B /* TreIRad */ = {
			isa = PBXNativeTarget;
			buildConfigurationList = 1C4283432588E6A000E7972B /* Build configuration list for PBXNativeTarget "TreIRad" */;
			buildPhases = (
				1C4283152588E69A00E7972B /* Sources */,
				1C4283162588E69A00E7972B /* Frameworks */,
				1C4283172588E69A00E7972B /* Resources */,
			);
			buildRules = (
			);
			dependencies = (
			);
			name = TreIRad;
			productName = TreIRad;
			productReference = 1C4283192588E69A00E7972B /* TreIRad.app */;
			productType = "com.apple.product-type.application";
		};
		1C42832E2588E6A000E7972B /* TreIRadTests */ = {
			isa = PBXNativeTarget;
			buildConfigurationList = 1C4283462588E6A000E7972B /* Build configuration list for PBXNativeTarget "TreIRadTests" */;
			buildPhases = (
				1C42832B2588E6A000E7972B /* Sources */,
				1C42832C2588E6A000E7972B /* Frameworks */,
				1C42832D2588E6A000E7972B /* Resources */,
			);
			buildRules = (
			);
			dependencies = (
				1C4283312588E6A000E7972B /* PBXTargetDependency */,
			);
			name = TreIRadTests;
			productName = TreIRadTests;
			productReference = 1C42832F2588E6A000E7972B /* TreIRadTests.xctest */;
			productType = "com.apple.product-type.bundle.unit-test";
		};
		1C4283392588E6A000E7972B /* TreIRadUITests */ = {
			isa = PBXNativeTarget;
			buildConfigurationList = 1C4283492588E6A000E7972B /* Build configuration list for PBXNativeTarget "TreIRadUITests" */;
			buildPhases = (
				1C4283362588E6A000E7972B /* Sources */,
				1C4283372588E6A000E7972B /* Frameworks */,
				1C4283382588E6A000E7972B /* Resources */,
			);
			buildRules = (
			);
			dependencies = (
				1C42833C2588E6A000E7972B /* PBXTargetDependency */,
			);
			name = TreIRadUITests;
			productName = TreIRadUITests;
			productReference = 1C42833A2588E6A000E7972B /* TreIRadUITests.xctest */;
			productType = "com.apple.product-type.bundle.ui-testing";
		};
/* End PBXNativeTarget section */

/* Begin PBXProject section */
		1C4283112588E69A00E7972B /* Project object */ = {
			isa = PBXProject;
			attributes = {
				LastSwiftUpdateCheck = 1230;
				LastUpgradeCheck = 1230;
				TargetAttributes = {
					1C4283182588E69A00E7972B = {
						CreatedOnToolsVersion = 12.3;
					};
					1C42832E2588E6A000E7972B = {
						CreatedOnToolsVersion = 12.3;
						TestTargetID = 1C4283182588E69A00E7972B;
					};
					1C4283392588E6A000E7972B = {
						CreatedOnToolsVersion = 12.3;
						TestTargetID = 1C4283182588E69A00E7972B;
					};
				};
			};
			buildConfigurationList = 1C4283142588E69A00E7972B /* Build configuration list for PBXProject "TreIRad" */;
			compatibilityVersion = "Xcode 9.3";
			developmentRegion = en;
			hasScannedForEncodings = 0;
			knownRegions = (
				en,
				Base,
			);
			mainGroup = 1C4283102588E69A00E7972B;
			productRefGroup = 1C42831A2588E69A00E7972B /* Products */;
			projectDirPath = "";
			projectRoot = "";
			targets = (
				1C4283182588E69A00E7972B /* TreIRad */,
				1C42832E2588E6A000E7972B /* TreIRadTests */,
				1C4283392588E6A000E7972B /* TreIRadUITests */,
			);
		};
/* End PBXProject section */

/* Begin PBXResourcesBuildPhase section */
		1C4283172588E69A00E7972B /* Resources */ = {
			isa = PBXResourcesBuildPhase;
			buildActionMask = 2147483647;
			files = (
				1C4283292588E69F00E7972B /* LaunchScreen.storyboard in Resources */,
				1C4283262588E69F00E7972B /* Assets.xcassets in Resources */,
				1C4283242588E69A00E7972B /* Main.storyboard in Resources */,
			);
			runOnlyForDeploymentPostprocessing = 0;
		};
		1C42832D2588E6A000E7972B /* Resources */ = {
			isa = PBXResourcesBuildPhase;
			buildActionMask = 2147483647;
			files = (
			);
			runOnlyForDeploymentPostprocessing = 0;
		};
		1C4283382588E6A000E7972B /* Resources */ = {
			isa = PBXResourcesBuildPhase;
			buildActionMask = 2147483647;
			files = (
			);
			runOnlyForDeploymentPostprocessing = 0;
		};
/* End PBXResourcesBuildPhase section */

/* Begin PBXSourcesBuildPhase section */
		1C4283152588E69A00E7972B /* Sources */ = {
			isa = PBXSourcesBuildPhase;
			buildActionMask = 2147483647;
			files = (
				1C4283212588E69A00E7972B /* ViewController.swift in Sources */,
				1C42835025891D4D00E7972B /* TreIRadModel.swift in Sources */,
				1C42831D2588E69A00E7972B /* AppDelegate.swift in Sources */,
				1C42835525891EF900E7972B /* Player.swift in Sources */,
				1C42831F2588E69A00E7972B /* SceneDelegate.swift in Sources */,
			);
			runOnlyForDeploymentPostprocessing = 0;
		};
		1C42832B2588E6A000E7972B /* Sources */ = {
			isa = PBXSourcesBuildPhase;
			buildActionMask = 2147483647;
			files = (
				1C4283342588E6A000E7972B /* TreIRadTests.swift in Sources */,
			);
			runOnlyForDeploymentPostprocessing = 0;
		};
		1C4283362588E6A000E7972B /* Sources */ = {
			isa = PBXSourcesBuildPhase;
			buildActionMask = 2147483647;
			files = (
				1C42833F2588E6A000E7972B /* TreIRadUITests.swift in Sources */,
			);
			runOnlyForDeploymentPostprocessing = 0;
		};
/* End PBXSourcesBuildPhase section */

/* Begin PBXTargetDependency section */
		1C4283312588E6A000E7972B /* PBXTargetDependency */ = {
			isa = PBXTargetDependency;
			target = 1C4283182588E69A00E7972B /* TreIRad */;
			targetProxy = 1C4283302588E6A000E7972B /* PBXContainerItemProxy */;
		};
		1C42833C2588E6A000E7972B /* PBXTargetDependency */ = {
			isa = PBXTargetDependency;
			target = 1C4283182588E69A00E7972B /* TreIRad */;
			targetProxy = 1C42833B2588E6A000E7972B /* PBXContainerItemProxy */;
		};
/* End PBXTargetDependency section */

/* Begin PBXVariantGroup section */
		1C4283222588E69A00E7972B /* Main.storyboard */ = {
			isa = PBXVariantGroup;
			children = (
				1C4283232588E69A00E7972B /* Base */,
			);
			name = Main.storyboard;
			sourceTree = "<group>";
		};
		1C4283272588E69F00E7972B /* LaunchScreen.storyboard */ = {
			isa = PBXVariantGroup;
			children = (
				1C4283282588E69F00E7972B /* Base */,
			);
			name = LaunchScreen.storyboard;
			sourceTree = "<group>";
		};
/* End PBXVariantGroup section */

/* Begin XCBuildConfiguration section */
		1C4283412588E6A000E7972B /* Debug */ = {
			isa = XCBuildConfiguration;
			buildSettings = {
				ALWAYS_SEARCH_USER_PATHS = NO;
				CLANG_ANALYZER_NONNULL = YES;
				CLANG_ANALYZER_NUMBER_OBJECT_CONVERSION = YES_AGGRESSIVE;
				CLANG_CXX_LANGUAGE_STANDARD = "gnu++14";
				CLANG_CXX_LIBRARY = "libc++";
				CLANG_ENABLE_MODULES = YES;
				CLANG_ENABLE_OBJC_ARC = YES;
				CLANG_ENABLE_OBJC_WEAK = YES;
				CLANG_WARN_BLOCK_CAPTURE_AUTORELEASING = YES;
				CLANG_WARN_BOOL_CONVERSION = YES;
				CLANG_WARN_COMMA = YES;
				CLANG_WARN_CONSTANT_CONVERSION = YES;
				CLANG_WARN_DEPRECATED_OBJC_IMPLEMENTATIONS = YES;
				CLANG_WARN_DIRECT_OBJC_ISA_USAGE = YES_ERROR;
				CLANG_WARN_DOCUMENTATION_COMMENTS = YES;
				CLANG_WARN_EMPTY_BODY = YES;
				CLANG_WARN_ENUM_CONVERSION = YES;
				CLANG_WARN_INFINITE_RECURSION = YES;
				CLANG_WARN_INT_CONVERSION = YES;
				CLANG_WARN_NON_LITERAL_NULL_CONVERSION = YES;
				CLANG_WARN_OBJC_IMPLICIT_RETAIN_SELF = YES;
				CLANG_WARN_OBJC_LITERAL_CONVERSION = YES;
				CLANG_WARN_OBJC_ROOT_CLASS = YES_ERROR;
				CLANG_WARN_QUOTED_INCLUDE_IN_FRAMEWORK_HEADER = YES;
				CLANG_WARN_RANGE_LOOP_ANALYSIS = YES;
				CLANG_WARN_STRICT_PROTOTYPES = YES;
				CLANG_WARN_SUSPICIOUS_MOVE = YES;
				CLANG_WARN_UNGUARDED_AVAILABILITY = YES_AGGRESSIVE;
				CLANG_WARN_UNREACHABLE_CODE = YES;
				CLANG_WARN__DUPLICATE_METHOD_MATCH = YES;
				COPY_PHASE_STRIP = NO;
				DEBUG_INFORMATION_FORMAT = dwarf;
				ENABLE_STRICT_OBJC_MSGSEND = YES;
				ENABLE_TESTABILITY = YES;
				GCC_C_LANGUAGE_STANDARD = gnu11;
				GCC_DYNAMIC_NO_PIC = NO;
				GCC_NO_COMMON_BLOCKS = YES;
				GCC_OPTIMIZATION_LEVEL = 0;
				GCC_PREPROCESSOR_DEFINITIONS = (
					"DEBUG=1",
					"$(inherited)",
				);
				GCC_WARN_64_TO_32_BIT_CONVERSION = YES;
				GCC_WARN_ABOUT_RETURN_TYPE = YES_ERROR;
				GCC_WARN_UNDECLARED_SELECTOR = YES;
				GCC_WARN_UNINITIALIZED_AUTOS = YES_AGGRESSIVE;
				GCC_WARN_UNUSED_FUNCTION = YES;
				GCC_WARN_UNUSED_VARIABLE = YES;
				IPHONEOS_DEPLOYMENT_TARGET = 14.3;
				MTL_ENABLE_DEBUG_INFO = INCLUDE_SOURCE;
				MTL_FAST_MATH = YES;
				ONLY_ACTIVE_ARCH = YES;
				SDKROOT = iphoneos;
				SWIFT_ACTIVE_COMPILATION_CONDITIONS = DEBUG;
				SWIFT_OPTIMIZATION_LEVEL = "-Onone";
			};
			name = Debug;
		};
		1C4283422588E6A000E7972B /* Release */ = {
			isa = XCBuildConfiguration;
			buildSettings = {
				ALWAYS_SEARCH_USER_PATHS = NO;
				CLANG_ANALYZER_NONNULL = YES;
				CLANG_ANALYZER_NUMBER_OBJECT_CONVERSION = YES_AGGRESSIVE;
				CLANG_CXX_LANGUAGE_STANDARD = "gnu++14";
				CLANG_CXX_LIBRARY = "libc++";
				CLANG_ENABLE_MODULES = YES;
				CLANG_ENABLE_OBJC_ARC = YES;
				CLANG_ENABLE_OBJC_WEAK = YES;
				CLANG_WARN_BLOCK_CAPTURE_AUTORELEASING = YES;
				CLANG_WARN_BOOL_CONVERSION = YES;
				CLANG_WARN_COMMA = YES;
				CLANG_WARN_CONSTANT_CONVERSION = YES;
				CLANG_WARN_DEPRECATED_OBJC_IMPLEMENTATIONS = YES;
				CLANG_WARN_DIRECT_OBJC_ISA_USAGE = YES_ERROR;
				CLANG_WARN_DOCUMENTATION_COMMENTS = YES;
				CLANG_WARN_EMPTY_BODY = YES;
				CLANG_WARN_ENUM_CONVERSION = YES;
				CLANG_WARN_INFINITE_RECURSION = YES;
				CLANG_WARN_INT_CONVERSION = YES;
				CLANG_WARN_NON_LITERAL_NULL_CONVERSION = YES;
				CLANG_WARN_OBJC_IMPLICIT_RETAIN_SELF = YES;
				CLANG_WARN_OBJC_LITERAL_CONVERSION = YES;
				CLANG_WARN_OBJC_ROOT_CLASS = YES_ERROR;
				CLANG_WARN_QUOTED_INCLUDE_IN_FRAMEWORK_HEADER = YES;
				CLANG_WARN_RANGE_LOOP_ANALYSIS = YES;
				CLANG_WARN_STRICT_PROTOTYPES = YES;
				CLANG_WARN_SUSPICIOUS_MOVE = YES;
				CLANG_WARN_UNGUARDED_AVAILABILITY = YES_AGGRESSIVE;
				CLANG_WARN_UNREACHABLE_CODE = YES;
				CLANG_WARN__DUPLICATE_METHOD_MATCH = YES;
				COPY_PHASE_STRIP = NO;
				DEBUG_INFORMATION_FORMAT = "dwarf-with-dsym";
				ENABLE_NS_ASSERTIONS = NO;
				ENABLE_STRICT_OBJC_MSGSEND = YES;
				GCC_C_LANGUAGE_STANDARD = gnu11;
				GCC_NO_COMMON_BLOCKS = YES;
				GCC_WARN_64_TO_32_BIT_CONVERSION = YES;
				GCC_WARN_ABOUT_RETURN_TYPE = YES_ERROR;
				GCC_WARN_UNDECLARED_SELECTOR = YES;
				GCC_WARN_UNINITIALIZED_AUTOS = YES_AGGRESSIVE;
				GCC_WARN_UNUSED_FUNCTION = YES;
				GCC_WARN_UNUSED_VARIABLE = YES;
				IPHONEOS_DEPLOYMENT_TARGET = 14.3;
				MTL_ENABLE_DEBUG_INFO = NO;
				MTL_FAST_MATH = YES;
				SDKROOT = iphoneos;
				SWIFT_COMPILATION_MODE = wholemodule;
				SWIFT_OPTIMIZATION_LEVEL = "-O";
				VALIDATE_PRODUCT = YES;
			};
			name = Release;
		};
		1C4283442588E6A000E7972B /* Debug */ = {
			isa = XCBuildConfiguration;
			buildSettings = {
				ASSETCATALOG_COMPILER_APPICON_NAME = AppIcon;
				ASSETCATALOG_COMPILER_GLOBAL_ACCENT_COLOR_NAME = AccentColor;
				CODE_SIGN_STYLE = Automatic;
				INFOPLIST_FILE = TreIRad/Info.plist;
				LD_RUNPATH_SEARCH_PATHS = (
					"$(inherited)",
					"@executable_path/Frameworks",
				);
				PRODUCT_BUNDLE_IDENTIFIER = private.TreIRad;
				PRODUCT_NAME = "$(TARGET_NAME)";
				SWIFT_VERSION = 5.0;
				TARGETED_DEVICE_FAMILY = "1,2";
			};
			name = Debug;
		};
		1C4283452588E6A000E7972B /* Release */ = {
			isa = XCBuildConfiguration;
			buildSettings = {
				ASSETCATALOG_COMPILER_APPICON_NAME = AppIcon;
				ASSETCATALOG_COMPILER_GLOBAL_ACCENT_COLOR_NAME = AccentColor;
				CODE_SIGN_STYLE = Automatic;
				INFOPLIST_FILE = TreIRad/Info.plist;
				LD_RUNPATH_SEARCH_PATHS = (
					"$(inherited)",
					"@executable_path/Frameworks",
				);
				PRODUCT_BUNDLE_IDENTIFIER = private.TreIRad;
				PRODUCT_NAME = "$(TARGET_NAME)";
				SWIFT_VERSION = 5.0;
				TARGETED_DEVICE_FAMILY = "1,2";
			};
			name = Release;
		};
		1C4283472588E6A000E7972B /* Debug */ = {
			isa = XCBuildConfiguration;
			buildSettings = {
				ALWAYS_EMBED_SWIFT_STANDARD_LIBRARIES = YES;
				BUNDLE_LOADER = "$(TEST_HOST)";
				CODE_SIGN_STYLE = Automatic;
				INFOPLIST_FILE = TreIRadTests/Info.plist;
				IPHONEOS_DEPLOYMENT_TARGET = 14.3;
				LD_RUNPATH_SEARCH_PATHS = (
					"$(inherited)",
					"@executable_path/Frameworks",
					"@loader_path/Frameworks",
				);
				PRODUCT_BUNDLE_IDENTIFIER = private.TreIRadTests;
				PRODUCT_NAME = "$(TARGET_NAME)";
				SWIFT_VERSION = 5.0;
				TARGETED_DEVICE_FAMILY = "1,2";
				TEST_HOST = "$(BUILT_PRODUCTS_DIR)/TreIRad.app/TreIRad";
			};
			name = Debug;
		};
		1C4283482588E6A000E7972B /* Release */ = {
			isa = XCBuildConfiguration;
			buildSettings = {
				ALWAYS_EMBED_SWIFT_STANDARD_LIBRARIES = YES;
				BUNDLE_LOADER = "$(TEST_HOST)";
				CODE_SIGN_STYLE = Automatic;
				INFOPLIST_FILE = TreIRadTests/Info.plist;
				IPHONEOS_DEPLOYMENT_TARGET = 14.3;
				LD_RUNPATH_SEARCH_PATHS = (
					"$(inherited)",
					"@executable_path/Frameworks",
					"@loader_path/Frameworks",
				);
				PRODUCT_BUNDLE_IDENTIFIER = private.TreIRadTests;
				PRODUCT_NAME = "$(TARGET_NAME)";
				SWIFT_VERSION = 5.0;
				TARGETED_DEVICE_FAMILY = "1,2";
				TEST_HOST = "$(BUILT_PRODUCTS_DIR)/TreIRad.app/TreIRad";
			};
			name = Release;
		};
		1C42834A2588E6A000E7972B /* Debug */ = {
			isa = XCBuildConfiguration;
			buildSettings = {
				ALWAYS_EMBED_SWIFT_STANDARD_LIBRARIES = YES;
				CODE_SIGN_STYLE = Automatic;
				INFOPLIST_FILE = TreIRadUITests/Info.plist;
				LD_RUNPATH_SEARCH_PATHS = (
					"$(inherited)",
					"@executable_path/Frameworks",
					"@loader_path/Frameworks",
				);
				PRODUCT_BUNDLE_IDENTIFIER = private.TreIRadUITests;
				PRODUCT_NAME = "$(TARGET_NAME)";
				SWIFT_VERSION = 5.0;
				TARGETED_DEVICE_FAMILY = "1,2";
				TEST_TARGET_NAME = TreIRad;
			};
			name = Debug;
		};
		1C42834B2588E6A000E7972B /* Release */ = {
			isa = XCBuildConfiguration;
			buildSettings = {
				ALWAYS_EMBED_SWIFT_STANDARD_LIBRARIES = YES;
				CODE_SIGN_STYLE = Automatic;
				INFOPLIST_FILE = TreIRadUITests/Info.plist;
				LD_RUNPATH_SEARCH_PATHS = (
					"$(inherited)",
					"@executable_path/Frameworks",
					"@loader_path/Frameworks",
				);
				PRODUCT_BUNDLE_IDENTIFIER = private.TreIRadUITests;
				PRODUCT_NAME = "$(TARGET_NAME)";
				SWIFT_VERSION = 5.0;
				TARGETED_DEVICE_FAMILY = "1,2";
				TEST_TARGET_NAME = TreIRad;
			};
			name = Release;
		};
/* End XCBuildConfiguration section */

/* Begin XCConfigurationList section */
		1C4283142588E69A00E7972B /* Build configuration list for PBXProject "TreIRad" */ = {
			isa = XCConfigurationList;
			buildConfigurations = (
				1C4283412588E6A000E7972B /* Debug */,
				1C4283422588E6A000E7972B /* Release */,
			);
			defaultConfigurationIsVisible = 0;
			defaultConfigurationName = Release;
		};
		1C4283432588E6A000E7972B /* Build configuration list for PBXNativeTarget "TreIRad" */ = {
			isa = XCConfigurationList;
			buildConfigurations = (
				1C4283442588E6A000E7972B /* Debug */,
				1C4283452588E6A000E7972B /* Release */,
			);
			defaultConfigurationIsVisible = 0;
			defaultConfigurationName = Release;
		};
		1C4283462588E6A000E7972B /* Build configuration list for PBXNativeTarget "TreIRadTests" */ = {
			isa = XCConfigurationList;
			buildConfigurations = (
				1C4283472588E6A000E7972B /* Debug */,
				1C4283482588E6A000E7972B /* Release */,
			);
			defaultConfigurationIsVisible = 0;
			defaultConfigurationName = Release;
		};
		1C4283492588E6A000E7972B /* Build configuration list for PBXNativeTarget "TreIRadUITests" */ = {
			isa = XCConfigurationList;
			buildConfigurations = (
				1C42834A2588E6A000E7972B /* Debug */,
				1C42834B2588E6A000E7972B /* Release */,
			);
			defaultConfigurationIsVisible = 0;
			defaultConfigurationName = Release;
		};
/* End XCConfigurationList section */
	};
	rootObject = 1C4283112588E69A00E7972B /* Project object */;
}
